{
  "requires": true,
  "lockfileVersion": 1,
  "dependencies": {
    "pdfmake-wrapper": {
      "version": "2.1.2",
      "resolved": "https://registry.npmjs.org/pdfmake-wrapper/-/pdfmake-wrapper-2.1.2.tgz",
      "integrity": "sha512-oApp2QP6ST3cdPvTQM3XrV2c0tZCNkrNhsuSz/1MQJ0F3X2q4Om3b5uGh1In3K5ofElPV02z8U7vTcvExBgN9Q=="
    }
  }
}
